
Microsoft Visual Studio Solution File, Format Version 12.00
# Visual Studio 15
Project("{FAE04EC0-301F-11D3-BF4B-00C04F79EFBC}") = "AzureWebApp", "AzureWebApp\AzureWebApp.csproj", "{CA3EB3C2-FD8A-4612-8A17-1CC613BFBB12}"
EndProject
Global
	GlobalSection(SolutionConfigurationPlatforms) = preSolution
		Debug|Any CPU = Debug|Any CPU
		Release|Any CPU = Release|Any CPU
	EndGlobalSection
	GlobalSection(ProjectConfigurationPlatforms) = postSolution
		{CA3EB3C2-FD8A-4612-8A17-1CC613BFBB12}.Debug|Any CPU.ActiveCfg = Debug|Any CPU
		{CA3EB3C2-FD8A-4612-8A17-1CC613BFBB12}.Debug|Any CPU.Build.0 = Debug|Any CPU
		{CA3EB3C2-FD8A-4612-8A17-1CC613BFBB12}.Release|Any CPU.ActiveCfg = Release|Any CPU
		{CA3EB3C2-FD8A-4612-8A17-1CC613BFBB12}.Release|Any CPU.Build.0 = Release|Any CPU
	EndGlobalSection
EndGlobal
